
Microsoft Visual Studio Solution File, Format Version 12.00
# Visual Studio 15
VisualStudioVersion = 15.0.26228.9
MinimumVisualStudioVersion = 10.0.40219.1
Project("{FAE04EC0-301F-11D3-BF4B-00C04F79EFBC}") = "EasyAndLazy", "EasyAndLazy\EasyAndLazy.csproj", "{9481005F-C4A5-4FE3-AFD8-17C8A72AFE88}"
EndProject
Global
	GlobalSection(SolutionConfigurationPlatforms) = preSolution
		Debug|Any CPU = Debug|Any CPU
		Release|Any CPU = Release|Any CPU
	EndGlobalSection
	GlobalSection(ProjectConfigurationPlatforms) = postSolution
		{9481005F-C4A5-4FE3-AFD8-17C8A72AFE88}.Debug|Any CPU.ActiveCfg = Debug|Any CPU
		{9481005F-C4A5-4FE3-AFD8-17C8A72AFE88}.Debug|Any CPU.Build.0 = Debug|Any CPU
		{9481005F-C4A5-4FE3-AFD8-17C8A72AFE88}.Release|Any CPU.ActiveCfg = Release|Any CPU
		{9481005F-C4A5-4FE3-AFD8-17C8A72AFE88}.Release|Any CPU.Build.0 = Release|Any CPU
	EndGlobalSection
	GlobalSection(SolutionProperties) = preSolution
		HideSolutionNode = FALSE
	EndGlobalSection
EndGlobal
